
Microsoft Visual Studio Solution File, Format Version 12.00
# Visual Studio Version 17
VisualStudioVersion = 17.9.34607.119
MinimumVisualStudioVersion = 10.0.40219.1
Project("{FAE04EC0-301F-11D3-BF4B-00C04F79EFBC}") = "SpotDifferenceGame", "SpotDifferenceGame\SpotDifferenceGame.csproj", "{5AFACD35-9FBA-49F5-A03A-C74D7D6960A2}"
EndProject
Global
	GlobalSection(SolutionConfigurationPlatforms) = preSolution
		Debug|Any CPU = Debug|Any CPU
		Release|Any CPU = Release|Any CPU
	EndGlobalSection
	GlobalSection(ProjectConfigurationPlatforms) = postSolution
		{5AFACD35-9FBA-49F5-A03A-C74D7D6960A2}.Debug|Any CPU.ActiveCfg = Debug|Any CPU
		{5AFACD35-9FBA-49F5-A03A-C74D7D6960A2}.Debug|Any CPU.Build.0 = Debug|Any CPU
		{5AFACD35-9FBA-49F5-A03A-C74D7D6960A2}.Release|Any CPU.ActiveCfg = Release|Any CPU
		{5AFACD35-9FBA-49F5-A03A-C74D7D6960A2}.Release|Any CPU.Build.0 = Release|Any CPU
	EndGlobalSection
	GlobalSection(SolutionProperties) = preSolution
		HideSolutionNode = FALSE
	EndGlobalSection
	GlobalSection(ExtensibilityGlobals) = postSolution
		SolutionGuid = {0A43C585-C280-4D4B-BC69-D8B51F0B2CD2}
	EndGlobalSection
EndGlobal
